
Microsoft Visual Studio Solution File, Format Version 12.00
# Visual Studio Version 16
VisualStudioVersion = 16.0.31410.357
MinimumVisualStudioVersion = 10.0.40219.1
Project("{FAE04EC0-301F-11D3-BF4B-00C04F79EFBC}") = "HETS - Azo", "HETS1Design\HETS - Azo.csproj", "{BC5F2E1B-4C55-45B0-B051-56E8940369EC}"
EndProject
Project("{FAE04EC0-301F-11D3-BF4B-00C04F79EFBC}") = "HETS - Azo.UnitTests", "HETS1Design.UnitTests\HETS - Azo.UnitTests.csproj", "{CF930D1D-836A-46A9-AA3E-1846CA5B63C8}"
EndProject
Project("{FAE04EC0-301F-11D3-BF4B-00C04F79EFBC}") = "CshConsoleAPI", "..\CshConsoleAPI\CshConsoleAPI.csproj", "{5F60B826-2C6C-4BDE-ABB6-FB3C97AF77B8}"
EndProject
Global
	GlobalSection(SolutionConfigurationPlatforms) = preSolution
		Debug|Any CPU = Debug|Any CPU
		Release|Any CPU = Release|Any CPU
	EndGlobalSection
	GlobalSection(ProjectConfigurationPlatforms) = postSolution
		{BC5F2E1B-4C55-45B0-B051-56E8940369EC}.Debug|Any CPU.ActiveCfg = Debug|Any CPU
		{BC5F2E1B-4C55-45B0-B051-56E8940369EC}.Debug|Any CPU.Build.0 = Debug|Any CPU
		{BC5F2E1B-4C55-45B0-B051-56E8940369EC}.Release|Any CPU.ActiveCfg = Release|Any CPU
		{BC5F2E1B-4C55-45B0-B051-56E8940369EC}.Release|Any CPU.Build.0 = Release|Any CPU
		{CF930D1D-836A-46A9-AA3E-1846CA5B63C8}.Debug|Any CPU.ActiveCfg = Debug|Any CPU
		{CF930D1D-836A-46A9-AA3E-1846CA5B63C8}.Debug|Any CPU.Build.0 = Debug|Any CPU
		{CF930D1D-836A-46A9-AA3E-1846CA5B63C8}.Release|Any CPU.ActiveCfg = Release|Any CPU
		{CF930D1D-836A-46A9-AA3E-1846CA5B63C8}.Release|Any CPU.Build.0 = Release|Any CPU
		{5F60B826-2C6C-4BDE-ABB6-FB3C97AF77B8}.Debug|Any CPU.ActiveCfg = Debug|Any CPU
		{5F60B826-2C6C-4BDE-ABB6-FB3C97AF77B8}.Debug|Any CPU.Build.0 = Debug|Any CPU
		{5F60B826-2C6C-4BDE-ABB6-FB3C97AF77B8}.Release|Any CPU.ActiveCfg = Release|Any CPU
		{5F60B826-2C6C-4BDE-ABB6-FB3C97AF77B8}.Release|Any CPU.Build.0 = Release|Any CPU
	EndGlobalSection
	GlobalSection(SolutionProperties) = preSolution
		HideSolutionNode = FALSE
	EndGlobalSection
	GlobalSection(ExtensibilityGlobals) = postSolution
		SolutionGuid = {E1C2CDBE-E71E-4A84-8154-AC3557DFD741}
	EndGlobalSection
EndGlobal
